
Microsoft Visual Studio Solution File, Format Version 12.00
# Visual Studio Version 18
VisualStudioVersion = 18.6.11806.211 stable
MinimumVisualStudioVersion = 10.0.40219.1
Project("{FAE04EC0-301F-11D3-BF4B-00C04F79EFBC}") = "SecurePlatformLab.Api", "SecurePlatformLab.Api\SecurePlatformLab.Api.csproj", "{FA6DC3D4-085B-4FD7-8E44-E1E0F5F80190}"
EndProject
Project("{FAE04EC0-301F-11D3-BF4B-00C04F79EFBC}") = "SecurePlatformLab.Frontend", "SecurePlatformLab.Frontend\SecurePlatformLab.Frontend.csproj", "{2945F94F-D420-4A9F-A545-1AE6BC256E72}"
EndProject
Global
	GlobalSection(SolutionConfigurationPlatforms) = preSolution
		Debug|Any CPU = Debug|Any CPU
		Release|Any CPU = Release|Any CPU
	EndGlobalSection
	GlobalSection(ProjectConfigurationPlatforms) = postSolution
		{FA6DC3D4-085B-4FD7-8E44-E1E0F5F80190}.Debug|Any CPU.ActiveCfg = Debug|Any CPU
		{FA6DC3D4-085B-4FD7-8E44-E1E0F5F80190}.Debug|Any CPU.Build.0 = Debug|Any CPU
		{FA6DC3D4-085B-4FD7-8E44-E1E0F5F80190}.Release|Any CPU.ActiveCfg = Release|Any CPU
		{FA6DC3D4-085B-4FD7-8E44-E1E0F5F80190}.Release|Any CPU.Build.0 = Release|Any CPU
		{2945F94F-D420-4A9F-A545-1AE6BC256E72}.Debug|Any CPU.ActiveCfg = Debug|Any CPU
		{2945F94F-D420-4A9F-A545-1AE6BC256E72}.Debug|Any CPU.Build.0 = Debug|Any CPU
		{2945F94F-D420-4A9F-A545-1AE6BC256E72}.Release|Any CPU.ActiveCfg = Release|Any CPU
		{2945F94F-D420-4A9F-A545-1AE6BC256E72}.Release|Any CPU.Build.0 = Release|Any CPU
	EndGlobalSection
	GlobalSection(SolutionProperties) = preSolution
		HideSolutionNode = FALSE
	EndGlobalSection
	GlobalSection(ExtensibilityGlobals) = postSolution
		SolutionGuid = {F43B1D30-AFC1-4841-96B8-4C090825EA7D}
	EndGlobalSection
EndGlobal
